{
  "name": "emblem-e2e-tests",
  "version": "0.0.1",
  "lockfileVersion": 2,
  "requires": true,
  "packages": {
    "": {
      "name": "emblem-e2e-tests",
      "version": "0.0.1",
      "license": "Apache-2.0",
      "devDependencies": {
        "@playwright/test": "1.29.1"
      }
    },
    "node_modules/@playwright/test": {
      "version": "1.29.1",
      "resolved": "https://registry.npmjs.org/@playwright/test/-/test-1.29.1.tgz",
      "integrity": "sha512-iQxk2DX5U9wOGV3+/Jh9OHPsw5H3mleUL2S4BgQuwtlAfK3PnKvn38m4Rg9zIViGHVW24opSm99HQm/UFLEy6w==",
      "dev": true,
      "dependencies": {
        "@types/node": "*",
        "playwright-core": "1.29.1"
      },
      "bin": {
        "playwright": "cli.js"
      },
      "engines": {
        "node": ">=14"
      }
    },
    "node_modules/@types/node": {
      "version": "18.11.4",
      "resolved": "https://registry.npmjs.org/@types/node/-/node-18.11.4.tgz",
      "integrity": "sha512-BxcJpBu8D3kv/GZkx/gSMz6VnTJREBj/4lbzYOQueUOELkt8WrO6zAcSPmp9uRPEW/d+lUO8QK0W2xnS1hEU0A==",
      "dev": true
    },
    "node_modules/playwright-core": {
      "version": "1.29.1",
      "resolved": "https://registry.npmjs.org/playwright-core/-/playwright-core-1.29.1.tgz",
      "integrity": "sha512-20Ai3d+lMkWpI9YZYlxk8gxatfgax5STW8GaMozAHwigLiyiKQrdkt7gaoT9UQR8FIVDg6qVXs9IoZUQrDjIIg==",
      "dev": true,
      "bin": {
        "playwright": "cli.js"
      },
      "engines": {
        "node": ">=14"
      }
    }
  },
  "dependencies": {
    "@playwright/test": {
      "version": "1.29.1",
      "resolved": "https://registry.npmjs.org/@playwright/test/-/test-1.29.1.tgz",
      "integrity": "sha512-iQxk2DX5U9wOGV3+/Jh9OHPsw5H3mleUL2S4BgQuwtlAfK3PnKvn38m4Rg9zIViGHVW24opSm99HQm/UFLEy6w==",
      "dev": true,
      "requires": {
        "@types/node": "*",
        "playwright-core": "1.29.1"
      }
    },
    "@types/node": {
      "version": "18.11.4",
      "resolved": "https://registry.npmjs.org/@types/node/-/node-18.11.4.tgz",
      "integrity": "sha512-BxcJpBu8D3kv/GZkx/gSMz6VnTJREBj/4lbzYOQueUOELkt8WrO6zAcSPmp9uRPEW/d+lUO8QK0W2xnS1hEU0A==",
      "dev": true
    },
    "playwright-core": {
      "version": "1.29.1",
      "resolved": "https://registry.npmjs.org/playwright-core/-/playwright-core-1.29.1.tgz",
      "integrity": "sha512-20Ai3d+lMkWpI9YZYlxk8gxatfgax5STW8GaMozAHwigLiyiKQrdkt7gaoT9UQR8FIVDg6qVXs9IoZUQrDjIIg==",
      "dev": true
    }
  }
}
